github.com/cdipaolo/goml v0.0.0-20190412180403-e1f51f713598 h1:j2XRGH5Y5uWtBYXGwmrjKeM/kfu/jh7ZcnrGvyN5Ttk=
github.com/cdipaolo/goml v0.0.0-20190412180403-e1f51f713598/go.mod h1:sduMkaHcXDIWurl/Bd/z0rNEUHw5tr6LUA9IO8E9o0o=
github.com/mikeflynn/sentiment v0.0.0-20200424053919-204aefdcf30a h1:sN6upVuf0nDl66Xppl2aTArcpW5LJz8onEzxlV1z6mg=
github.com/mikeflynn/sentiment v0.0.0-20200424053919-204aefdcf30a/go.mod h1:NCVE2PZ6y47dPt++0c1tZidALNo3JNqe1hdzEwc54cU=
golang.org/x/text v0.3.2 h1:tW2bmiBqwgJj/UpqtC8EpXEZVYOwU0yG4iWbprSVAcs=
golang.org/x/text v0.3.2/go.mod h1:bEr9sfX3Q8Zfm5fL9x+3itogRgK3+ptLWKqgva+5dAk=
golang.org/x/tools v0.0.0-20180917221912-90fa682c2a6e/go.mod h1:n7NCudcB/nEzxVGmLbDWY5pfWTLqBcC2KZ6jyYvM4mQ=
